<?xml version="1.0" encoding="utf-8"?>
<Project ToolsVersion="4.0" xmlns="http://schemas.microsoft.com/developer/msbuild/2003">
  <ItemGroup>
    <Filter Include="소스 파일">
      <UniqueIdentifier>{4FC737F1-C7A5-4376-A066-2A32D752A2FF}</UniqueIdentifier>
      <Extensions>cpp;c;cc;cxx;c++;cppm;ixx;def;odl;idl;hpj;bat;asm;asmx</Extensions>
    </Filter>
    <Filter Include="헤더 파일">
      <UniqueIdentifier>{93995380-89BD-4b04-88EB-625FBE52EBFB}</UniqueIdentifier>
      <Extensions>h;hh;hpp;hxx;h++;hm;inl;inc;ipp;xsd</Extensions>
    </Filter>
    <Filter Include="리소스 파일">
      <UniqueIdentifier>{67DA6AB6-F800-4c08-8B7A-83BB121AAD01}</UniqueIdentifier>
      <Extensions>rc;ico;cur;bmp;dlg;rc2;rct;bin;rgs;gif;jpg;jpeg;jpe;resx;tiff;tif;png;wav;mfcribbon-ms</Extensions>
    </Filter>
    <Filter Include="MainGame">
      <UniqueIdentifier>{27cae8bb-0e6f-47ee-a942-538bdc90bad1}</UniqueIdentifier>
    </Filter>
    <Filter Include="Object">
      <UniqueIdentifier>{2c2d0b9a-ebc1-4248-af24-1a40bc133dd3}</UniqueIdentifier>
    </Filter>
    <Filter Include="Object\Player">
      <UniqueIdentifier>{f5d6e52e-a400-4b4b-99b3-3e0b9a35674a}</UniqueIdentifier>
    </Filter>
    <Filter Include="Manager">
      <UniqueIdentifier>{a0365df8-2048-4b74-9f06-b634677ca34c}</UniqueIdentifier>
    </Filter>
    <Filter Include="Manager\ObjMgr">
      <UniqueIdentifier>{ff081f27-ed42-4744-9dd0-64f2e6cc2309}</UniqueIdentifier>
    </Filter>
    <Filter Include="Manager\SceneMgr">
      <UniqueIdentifier>{81ec0661-b79e-4f77-bc5e-c07389c12bef}</UniqueIdentifier>
    </Filter>
    <Filter Include="Scene">
      <UniqueIdentifier>{8444c5b9-81a7-415a-bb1d-dc4ce916f840}</UniqueIdentifier>
    </Filter>
    <Filter Include="Scene\LogoScene">
      <UniqueIdentifier>{9387caa7-cc9c-4ffd-baca-387958a6d74b}</UniqueIdentifier>
    </Filter>
    <Filter Include="Manager\ResourceMgr">
      <UniqueIdentifier>{5b4ba85c-a7fb-4167-a29d-fbba55ff350b}</UniqueIdentifier>
    </Filter>
    <Filter Include="Manager\KeyMgr">
      <UniqueIdentifier>{130e6e2b-9d21-4555-944c-760f8f5b29af}</UniqueIdentifier>
    </Filter>
    <Filter Include="Design">
      <UniqueIdentifier>{4706ad8c-5b87-4dee-8675-d5e5d68e66cb}</UniqueIdentifier>
    </Filter>
    <Filter Include="Design\AbstractFactory">
      <UniqueIdentifier>{7fc3c014-d93a-406d-9dd3-432ad6b22973}</UniqueIdentifier>
    </Filter>
    <Filter Include="Scene\EditScene">
      <UniqueIdentifier>{adab74ca-4312-4dfd-bd8c-918ad53b6cc8}</UniqueIdentifier>
    </Filter>
    <Filter Include="Object\Line">
      <UniqueIdentifier>{477119e1-7116-4fb0-a74b-36259916de79}</UniqueIdentifier>
    </Filter>
    <Filter Include="Manager\LineMgr">
      <UniqueIdentifier>{36bcde49-22fe-454b-8aa9-b3e255d4b1be}</UniqueIdentifier>
    </Filter>
  </ItemGroup>
  <ItemGroup>
    <ClInclude Include="framework.h">
      <Filter>헤더 파일</Filter>
    </ClInclude>
    <ClInclude Include="targetver.h">
      <Filter>헤더 파일</Filter>
    </ClInclude>
    <ClInclude Include="Resource.h">
      <Filter>헤더 파일</Filter>
    </ClInclude>
    <ClInclude Include="WinAPI.h">
      <Filter>헤더 파일</Filter>
    </ClInclude>
    <ClInclude Include="pch.h">
      <Filter>헤더 파일</Filter>
    </ClInclude>
    <ClInclude Include="CMainGame.h">
      <Filter>MainGame</Filter>
    </ClInclude>
    <ClInclude Include="Define.h">
      <Filter>헤더 파일</Filter>
    </ClInclude>
    <ClInclude Include="CObj.h">
      <Filter>Object</Filter>
    </ClInclude>
    <ClInclude Include="CPlayer.h">
      <Filter>Object\Player</Filter>
    </ClInclude>
    <ClInclude Include="CObjMgr.h">
      <Filter>Manager\ObjMgr</Filter>
    </ClInclude>
    <ClInclude Include="CSceneMgr.h">
      <Filter>Manager\SceneMgr</Filter>
    </ClInclude>
    <ClInclude Include="CScene.h">
      <Filter>Scene</Filter>
    </ClInclude>
    <ClInclude Include="CLogo.h">
      <Filter>Scene\LogoScene</Filter>
    </ClInclude>
    <ClInclude Include="CResourceMgr.h">
      <Filter>Manager\ResourceMgr</Filter>
    </ClInclude>
    <ClInclude Include="CMyBit.h">
      <Filter>Manager\ResourceMgr</Filter>
    </ClInclude>
    <ClInclude Include="CAbstractFactory.h">
      <Filter>Design\AbstractFactory</Filter>
    </ClInclude>
    <ClInclude Include="CMyPng.h">
      <Filter>Manager\ResourceMgr</Filter>
    </ClInclude>
    <ClInclude Include="CEdit.h">
      <Filter>Scene\EditScene</Filter>
    </ClInclude>
    <ClInclude Include="CLine.h">
      <Filter>Object\Line</Filter>
    </ClInclude>
    <ClInclude Include="CLineMgr.h">
      <Filter>Manager\LineMgr</Filter>
    </ClInclude>
    <ClInclude Include="CKeyMgr.h">
      <Filter>Manager\KeyMgr</Filter>
    </ClInclude>
  </ItemGroup>
  <ItemGroup>
    <ClCompile Include="WinAPI.cpp">
      <Filter>소스 파일</Filter>
    </ClCompile>
    <ClCompile Include="pch.cpp">
      <Filter>소스 파일</Filter>
    </ClCompile>
    <ClCompile Include="CMainGame.cpp">
      <Filter>MainGame</Filter>
    </ClCompile>
    <ClCompile Include="CObj.cpp">
      <Filter>Object</Filter>
    </ClCompile>
    <ClCompile Include="CPlayer.cpp">
      <Filter>Object\Player</Filter>
    </ClCompile>
    <ClCompile Include="CObjMgr.cpp">
      <Filter>Manager\ObjMgr</Filter>
    </ClCompile>
    <ClCompile Include="CSceneMgr.cpp">
      <Filter>Manager\SceneMgr</Filter>
    </ClCompile>
    <ClCompile Include="CScene.cpp">
      <Filter>Scene</Filter>
    </ClCompile>
    <ClCompile Include="CLogo.cpp">
      <Filter>Scene\LogoScene</Filter>
    </ClCompile>
    <ClCompile Include="CResourceMgr.cpp">
      <Filter>Manager\ResourceMgr</Filter>
    </ClCompile>
    <ClCompile Include="CMyBit.cpp">
      <Filter>Manager\ResourceMgr</Filter>
    </ClCompile>
    <ClCompile Include="CAbstractFactory.cpp">
      <Filter>Design\AbstractFactory</Filter>
    </ClCompile>
    <ClCompile Include="CMyPng.cpp">
      <Filter>Manager\ResourceMgr</Filter>
    </ClCompile>
    <ClCompile Include="CEdit.cpp">
      <Filter>Scene\EditScene</Filter>
    </ClCompile>
    <ClCompile Include="CLine.cpp">
      <Filter>Object\Line</Filter>
    </ClCompile>
    <ClCompile Include="CLineMgr.cpp">
      <Filter>Manager\LineMgr</Filter>
    </ClCompile>
    <ClCompile Include="CKeyMgr.cpp">
      <Filter>Manager\KeyMgr</Filter>
    </ClCompile>
  </ItemGroup>
  <ItemGroup>
    <ResourceCompile Include="WinAPI.rc">
      <Filter>리소스 파일</Filter>
    </ResourceCompile>
  </ItemGroup>
  <ItemGroup>
    <Image Include="small.ico">
      <Filter>리소스 파일</Filter>
    </Image>
    <Image Include="WinAPI.ico">
      <Filter>리소스 파일</Filter>
    </Image>
  </ItemGroup>
</Project>