<?xml version="1.0" encoding="utf-8"?>
<Project ToolsVersion="4.0" xmlns="http://schemas.microsoft.com/developer/msbuild/2003">
  <ItemGroup>
    <Filter Include="소스 파일">
      <UniqueIdentifier>{4FC737F1-C7A5-4376-A066-2A32D752A2FF}</UniqueIdentifier>
      <Extensions>cpp;c;cc;cxx;c++;cppm;ixx;def;odl;idl;hpj;bat;asm;asmx</Extensions>
    </Filter>
    <Filter Include="헤더 파일">
      <UniqueIdentifier>{93995380-89BD-4b04-88EB-625FBE52EBFB}</UniqueIdentifier>
      <Extensions>h;hh;hpp;hxx;h++;hm;inl;inc;ipp;xsd</Extensions>
    </Filter>
    <Filter Include="리소스 파일">
      <UniqueIdentifier>{67DA6AB6-F800-4c08-8B7A-83BB121AAD01}</UniqueIdentifier>
      <Extensions>rc;ico;cur;bmp;dlg;rc2;rct;bin;rgs;gif;jpg;jpeg;jpe;resx;tiff;tif;png;wav;mfcribbon-ms</Extensions>
    </Filter>
    <Filter Include="MainGame">
      <UniqueIdentifier>{27cae8bb-0e6f-47ee-a942-538bdc90bad1}</UniqueIdentifier>
    </Filter>
    <Filter Include="Object">
      <UniqueIdentifier>{2c2d0b9a-ebc1-4248-af24-1a40bc133dd3}</UniqueIdentifier>
    </Filter>
    <Filter Include="Object\Player">
      <UniqueIdentifier>{f5d6e52e-a400-4b4b-99b3-3e0b9a35674a}</UniqueIdentifier>
    </Filter>
    <Filter Include="Manager">
      <UniqueIdentifier>{a0365df8-2048-4b74-9f06-b634677ca34c}</UniqueIdentifier>
    </Filter>
    <Filter Include="Manager\ObjMgr">
      <UniqueIdentifier>{ff081f27-ed42-4744-9dd0-64f2e6cc2309}</UniqueIdentifier>
    </Filter>
    <Filter Include="Manager\SceneMgr">
      <UniqueIdentifier>{81ec0661-b79e-4f77-bc5e-c07389c12bef}</UniqueIdentifier>
    </Filter>
    <Filter Include="Scene">
      <UniqueIdentifier>{8444c5b9-81a7-415a-bb1d-dc4ce916f840}</UniqueIdentifier>
    </Filter>
    <Filter Include="Scene\LogoScene">
      <UniqueIdentifier>{9387caa7-cc9c-4ffd-baca-387958a6d74b}</UniqueIdentifier>
    </Filter>
    <Filter Include="Manager\ResourceMgr">
      <UniqueIdentifier>{5b4ba85c-a7fb-4167-a29d-fbba55ff350b}</UniqueIdentifier>
    </Filter>
    <Filter Include="Manager\KeyMgr">
      <UniqueIdentifier>{130e6e2b-9d21-4555-944c-760f8f5b29af}</UniqueIdentifier>
    </Filter>
    <Filter Include="Design">
      <UniqueIdentifier>{4706ad8c-5b87-4dee-8675-d5e5d68e66cb}</UniqueIdentifier>
    </Filter>
    <Filter Include="Design\AbstractFactory">
      <UniqueIdentifier>{7fc3c014-d93a-406d-9dd3-432ad6b22973}</UniqueIdentifier>
    </Filter>
    <Filter Include="Manager\LineMgr">
      <UniqueIdentifier>{36bcde49-22fe-454b-8aa9-b3e255d4b1be}</UniqueIdentifier>
    </Filter>
    <Filter Include="Manager\Camera">
      <UniqueIdentifier>{e546ecbb-786b-495e-b016-df10af9e5321}</UniqueIdentifier>
    </Filter>
    <Filter Include="Manager\TimeMgr">
      <UniqueIdentifier>{179bbc79-c16c-49aa-a782-b011cddd0e31}</UniqueIdentifier>
    </Filter>
    <Filter Include="Manager\LineMgr\Line">
      <UniqueIdentifier>{477119e1-7116-4fb0-a74b-36259916de79}</UniqueIdentifier>
    </Filter>
    <Filter Include="Scene\TileEditScene">
      <UniqueIdentifier>{806b84fd-f215-4c98-b7bb-7290ba05c888}</UniqueIdentifier>
    </Filter>
    <Filter Include="Manager\TileMgr">
      <UniqueIdentifier>{988a151b-578d-4432-a0f3-a512d9ee1d8e}</UniqueIdentifier>
    </Filter>
    <Filter Include="Manager\TileMgr\Tile">
      <UniqueIdentifier>{aa6993e7-2f45-48a2-b705-fbba0ad85ebd}</UniqueIdentifier>
    </Filter>
    <Filter Include="Manager\UIMgr">
      <UniqueIdentifier>{d97feaaf-0633-4465-8785-dc17d1a89051}</UniqueIdentifier>
    </Filter>
    <Filter Include="Scene\TestScene">
      <UniqueIdentifier>{adab74ca-4312-4dfd-bd8c-918ad53b6cc8}</UniqueIdentifier>
    </Filter>
    <Filter Include="Manager\CollisionMgr">
      <UniqueIdentifier>{714d3927-5f63-4f92-8808-13515844d917}</UniqueIdentifier>
    </Filter>
    <Filter Include="Manager\Mouse">
      <UniqueIdentifier>{8ddf9a61-8e56-436b-966c-6a4546e85708}</UniqueIdentifier>
    </Filter>
    <Filter Include="Object\UI">
      <UniqueIdentifier>{d40af099-d004-49e3-8f8e-a19ab1a136c5}</UniqueIdentifier>
    </Filter>
    <Filter Include="Object\UI\MapTileUI">
      <UniqueIdentifier>{705d343b-8e2d-4642-90e4-988acc808af0}</UniqueIdentifier>
    </Filter>
    <Filter Include="Object\UI\MapTileUI\TileBtn">
      <UniqueIdentifier>{7556dba7-af67-42df-a3a6-19ad6f6ab127}</UniqueIdentifier>
    </Filter>
    <Filter Include="Object\UI\MapTileUI\TileOptionBtn">
      <UniqueIdentifier>{6dec7ac1-7ec9-46db-9a3d-f8e38be44db5}</UniqueIdentifier>
    </Filter>
    <Filter Include="Object\Player\PlayerEffect">
      <UniqueIdentifier>{9da2fbe2-e285-424f-a4cf-f2ad47afa91f}</UniqueIdentifier>
    </Filter>
  </ItemGroup>
  <ItemGroup>
    <ClInclude Include="framework.h">
      <Filter>헤더 파일</Filter>
    </ClInclude>
    <ClInclude Include="targetver.h">
      <Filter>헤더 파일</Filter>
    </ClInclude>
    <ClInclude Include="Resource.h">
      <Filter>헤더 파일</Filter>
    </ClInclude>
    <ClInclude Include="WinAPI.h">
      <Filter>헤더 파일</Filter>
    </ClInclude>
    <ClInclude Include="pch.h">
      <Filter>헤더 파일</Filter>
    </ClInclude>
    <ClInclude Include="CMainGame.h">
      <Filter>MainGame</Filter>
    </ClInclude>
    <ClInclude Include="Define.h">
      <Filter>헤더 파일</Filter>
    </ClInclude>
    <ClInclude Include="CObj.h">
      <Filter>Object</Filter>
    </ClInclude>
    <ClInclude Include="CPlayer.h">
      <Filter>Object\Player</Filter>
    </ClInclude>
    <ClInclude Include="CObjMgr.h">
      <Filter>Manager\ObjMgr</Filter>
    </ClInclude>
    <ClInclude Include="CSceneMgr.h">
      <Filter>Manager\SceneMgr</Filter>
    </ClInclude>
    <ClInclude Include="CScene.h">
      <Filter>Scene</Filter>
    </ClInclude>
    <ClInclude Include="CLogo.h">
      <Filter>Scene\LogoScene</Filter>
    </ClInclude>
    <ClInclude Include="CResourceMgr.h">
      <Filter>Manager\ResourceMgr</Filter>
    </ClInclude>
    <ClInclude Include="CMyBit.h">
      <Filter>Manager\ResourceMgr</Filter>
    </ClInclude>
    <ClInclude Include="CAbstractFactory.h">
      <Filter>Design\AbstractFactory</Filter>
    </ClInclude>
    <ClInclude Include="CMyPng.h">
      <Filter>Manager\ResourceMgr</Filter>
    </ClInclude>
    <ClInclude Include="CLine.h">
      <Filter>Manager\LineMgr\Line</Filter>
    </ClInclude>
    <ClInclude Include="CLineMgr.h">
      <Filter>Manager\LineMgr</Filter>
    </ClInclude>
    <ClInclude Include="CKeyMgr.h">
      <Filter>Manager\KeyMgr</Filter>
    </ClInclude>
    <ClInclude Include="CCamera.h">
      <Filter>Manager\Camera</Filter>
    </ClInclude>
    <ClInclude Include="CTimeMgr.h">
      <Filter>Manager\TimeMgr</Filter>
    </ClInclude>
    <ClInclude Include="CTile.h">
      <Filter>Manager\TileMgr\Tile</Filter>
    </ClInclude>
    <ClInclude Include="CTileMgr.h">
      <Filter>Manager\TileMgr</Filter>
    </ClInclude>
    <ClInclude Include="CTileEditScene.h">
      <Filter>Scene\TileEditScene</Filter>
    </ClInclude>
    <ClInclude Include="CUI.h">
      <Filter>Object\UI</Filter>
    </ClInclude>
    <ClInclude Include="CMapTileUI.h">
      <Filter>Object\UI\MapTileUI</Filter>
    </ClInclude>
    <ClInclude Include="CTest.h">
      <Filter>Scene\TestScene</Filter>
    </ClInclude>
    <ClInclude Include="CTileBtn.h">
      <Filter>Object\UI\MapTileUI\TileBtn</Filter>
    </ClInclude>
    <ClInclude Include="CCollisionMgr.h">
      <Filter>Manager\CollisionMgr</Filter>
    </ClInclude>
    <ClInclude Include="CMouse.h">
      <Filter>Manager\Mouse</Filter>
    </ClInclude>
    <ClInclude Include="CTileOptionBtn.h">
      <Filter>Object\UI\MapTileUI\TileOptionBtn</Filter>
    </ClInclude>
    <ClInclude Include="CMapTileOptionUI.h">
      <Filter>Object\UI\MapTileUI</Filter>
    </ClInclude>
    <ClInclude Include="CRunEffect.h">
      <Filter>Object\Player\PlayerEffect</Filter>
    </ClInclude>
  </ItemGroup>
  <ItemGroup>
    <ClCompile Include="WinAPI.cpp">
      <Filter>소스 파일</Filter>
    </ClCompile>
    <ClCompile Include="pch.cpp">
      <Filter>소스 파일</Filter>
    </ClCompile>
    <ClCompile Include="CMainGame.cpp">
      <Filter>MainGame</Filter>
    </ClCompile>
    <ClCompile Include="CObj.cpp">
      <Filter>Object</Filter>
    </ClCompile>
    <ClCompile Include="CPlayer.cpp">
      <Filter>Object\Player</Filter>
    </ClCompile>
    <ClCompile Include="CObjMgr.cpp">
      <Filter>Manager\ObjMgr</Filter>
    </ClCompile>
    <ClCompile Include="CSceneMgr.cpp">
      <Filter>Manager\SceneMgr</Filter>
    </ClCompile>
    <ClCompile Include="CScene.cpp">
      <Filter>Scene</Filter>
    </ClCompile>
    <ClCompile Include="CLogo.cpp">
      <Filter>Scene\LogoScene</Filter>
    </ClCompile>
    <ClCompile Include="CResourceMgr.cpp">
      <Filter>Manager\ResourceMgr</Filter>
    </ClCompile>
    <ClCompile Include="CMyBit.cpp">
      <Filter>Manager\ResourceMgr</Filter>
    </ClCompile>
    <ClCompile Include="CAbstractFactory.cpp">
      <Filter>Design\AbstractFactory</Filter>
    </ClCompile>
    <ClCompile Include="CMyPng.cpp">
      <Filter>Manager\ResourceMgr</Filter>
    </ClCompile>
    <ClCompile Include="CLine.cpp">
      <Filter>Manager\LineMgr\Line</Filter>
    </ClCompile>
    <ClCompile Include="CLineMgr.cpp">
      <Filter>Manager\LineMgr</Filter>
    </ClCompile>
    <ClCompile Include="CKeyMgr.cpp">
      <Filter>Manager\KeyMgr</Filter>
    </ClCompile>
    <ClCompile Include="CCamera.cpp">
      <Filter>Manager\Camera</Filter>
    </ClCompile>
    <ClCompile Include="CTimeMgr.cpp">
      <Filter>Manager\TimeMgr</Filter>
    </ClCompile>
    <ClCompile Include="CTile.cpp">
      <Filter>Manager\TileMgr\Tile</Filter>
    </ClCompile>
    <ClCompile Include="CTileMgr.cpp">
      <Filter>Manager\TileMgr</Filter>
    </ClCompile>
    <ClCompile Include="CTileEditScene.cpp">
      <Filter>Scene\TileEditScene</Filter>
    </ClCompile>
    <ClCompile Include="CUI.cpp">
      <Filter>Object\UI</Filter>
    </ClCompile>
    <ClCompile Include="CMapTileUI.cpp">
      <Filter>Object\UI\MapTileUI</Filter>
    </ClCompile>
    <ClCompile Include="CTest.cpp">
      <Filter>Scene\TestScene</Filter>
    </ClCompile>
    <ClCompile Include="CTileBtn.cpp">
      <Filter>Object\UI\MapTileUI\TileBtn</Filter>
    </ClCompile>
    <ClCompile Include="CCollisionMgr.cpp">
      <Filter>Manager\CollisionMgr</Filter>
    </ClCompile>
    <ClCompile Include="CMouse.cpp">
      <Filter>Manager\Mouse</Filter>
    </ClCompile>
    <ClCompile Include="CTileOptionBtn.cpp">
      <Filter>Object\UI\MapTileUI\TileOptionBtn</Filter>
    </ClCompile>
    <ClCompile Include="CMapTileOptionUI.cpp">
      <Filter>Object\UI\MapTileUI</Filter>
    </ClCompile>
    <ClCompile Include="CRunEffect.cpp">
      <Filter>Object\Player\PlayerEffect</Filter>
    </ClCompile>
  </ItemGroup>
  <ItemGroup>
    <ResourceCompile Include="WinAPI.rc">
      <Filter>리소스 파일</Filter>
    </ResourceCompile>
  </ItemGroup>
  <ItemGroup>
    <Image Include="small.ico">
      <Filter>리소스 파일</Filter>
    </Image>
    <Image Include="WinAPI.ico">
      <Filter>리소스 파일</Filter>
    </Image>
  </ItemGroup>
</Project>