<?xml version="1.0" encoding="utf-8"?>
<Project ToolsVersion="4.0" xmlns="http://schemas.microsoft.com/developer/msbuild/2003">
  <ItemGroup>
    <Filter Include="소스 파일">
      <UniqueIdentifier>{4FC737F1-C7A5-4376-A066-2A32D752A2FF}</UniqueIdentifier>
      <Extensions>cpp;c;cc;cxx;c++;cppm;ixx;def;odl;idl;hpj;bat;asm;asmx</Extensions>
    </Filter>
    <Filter Include="헤더 파일">
      <UniqueIdentifier>{93995380-89BD-4b04-88EB-625FBE52EBFB}</UniqueIdentifier>
      <Extensions>h;hh;hpp;hxx;h++;hm;inl;inc;ipp;xsd</Extensions>
    </Filter>
    <Filter Include="리소스 파일">
      <UniqueIdentifier>{67DA6AB6-F800-4c08-8B7A-83BB121AAD01}</UniqueIdentifier>
      <Extensions>rc;ico;cur;bmp;dlg;rc2;rct;bin;rgs;gif;jpg;jpeg;jpe;resx;tiff;tif;png;wav;mfcribbon-ms</Extensions>
    </Filter>
    <Filter Include="MainGame">
      <UniqueIdentifier>{27cae8bb-0e6f-47ee-a942-538bdc90bad1}</UniqueIdentifier>
    </Filter>
    <Filter Include="Object">
      <UniqueIdentifier>{2c2d0b9a-ebc1-4248-af24-1a40bc133dd3}</UniqueIdentifier>
    </Filter>
    <Filter Include="Manager">
      <UniqueIdentifier>{a0365df8-2048-4b74-9f06-b634677ca34c}</UniqueIdentifier>
    </Filter>
    <Filter Include="Manager\ObjMgr">
      <UniqueIdentifier>{ff081f27-ed42-4744-9dd0-64f2e6cc2309}</UniqueIdentifier>
    </Filter>
    <Filter Include="Manager\SceneMgr">
      <UniqueIdentifier>{81ec0661-b79e-4f77-bc5e-c07389c12bef}</UniqueIdentifier>
    </Filter>
    <Filter Include="Scene">
      <UniqueIdentifier>{8444c5b9-81a7-415a-bb1d-dc4ce916f840}</UniqueIdentifier>
    </Filter>
    <Filter Include="Scene\LogoScene">
      <UniqueIdentifier>{9387caa7-cc9c-4ffd-baca-387958a6d74b}</UniqueIdentifier>
    </Filter>
    <Filter Include="Manager\ResourceMgr">
      <UniqueIdentifier>{5b4ba85c-a7fb-4167-a29d-fbba55ff350b}</UniqueIdentifier>
    </Filter>
    <Filter Include="Manager\KeyMgr">
      <UniqueIdentifier>{130e6e2b-9d21-4555-944c-760f8f5b29af}</UniqueIdentifier>
    </Filter>
    <Filter Include="Design">
      <UniqueIdentifier>{4706ad8c-5b87-4dee-8675-d5e5d68e66cb}</UniqueIdentifier>
    </Filter>
    <Filter Include="Design\AbstractFactory">
      <UniqueIdentifier>{7fc3c014-d93a-406d-9dd3-432ad6b22973}</UniqueIdentifier>
    </Filter>
    <Filter Include="Manager\LineMgr">
      <UniqueIdentifier>{36bcde49-22fe-454b-8aa9-b3e255d4b1be}</UniqueIdentifier>
    </Filter>
    <Filter Include="Manager\Camera">
      <UniqueIdentifier>{e546ecbb-786b-495e-b016-df10af9e5321}</UniqueIdentifier>
    </Filter>
    <Filter Include="Manager\TimeMgr">
      <UniqueIdentifier>{179bbc79-c16c-49aa-a782-b011cddd0e31}</UniqueIdentifier>
    </Filter>
    <Filter Include="Manager\LineMgr\Line">
      <UniqueIdentifier>{477119e1-7116-4fb0-a74b-36259916de79}</UniqueIdentifier>
    </Filter>
    <Filter Include="Scene\TileEditScene">
      <UniqueIdentifier>{806b84fd-f215-4c98-b7bb-7290ba05c888}</UniqueIdentifier>
    </Filter>
    <Filter Include="Manager\TileMgr">
      <UniqueIdentifier>{988a151b-578d-4432-a0f3-a512d9ee1d8e}</UniqueIdentifier>
    </Filter>
    <Filter Include="Manager\TileMgr\Tile">
      <UniqueIdentifier>{aa6993e7-2f45-48a2-b705-fbba0ad85ebd}</UniqueIdentifier>
    </Filter>
    <Filter Include="Scene\TestScene">
      <UniqueIdentifier>{adab74ca-4312-4dfd-bd8c-918ad53b6cc8}</UniqueIdentifier>
    </Filter>
    <Filter Include="Manager\CollisionMgr">
      <UniqueIdentifier>{714d3927-5f63-4f92-8808-13515844d917}</UniqueIdentifier>
    </Filter>
    <Filter Include="Manager\Mouse">
      <UniqueIdentifier>{8ddf9a61-8e56-436b-966c-6a4546e85708}</UniqueIdentifier>
    </Filter>
    <Filter Include="Object\UI">
      <UniqueIdentifier>{d40af099-d004-49e3-8f8e-a19ab1a136c5}</UniqueIdentifier>
    </Filter>
    <Filter Include="Object\UI\MapTileUI">
      <UniqueIdentifier>{705d343b-8e2d-4642-90e4-988acc808af0}</UniqueIdentifier>
    </Filter>
    <Filter Include="Object\UI\MapTileUI\TileBtn">
      <UniqueIdentifier>{7556dba7-af67-42df-a3a6-19ad6f6ab127}</UniqueIdentifier>
    </Filter>
    <Filter Include="Object\UI\MapTileUI\TileOptionBtn">
      <UniqueIdentifier>{6dec7ac1-7ec9-46db-9a3d-f8e38be44db5}</UniqueIdentifier>
    </Filter>
    <Filter Include="Object\Unit">
      <UniqueIdentifier>{09622dd1-ba33-45c4-8768-8bd8ebc95282}</UniqueIdentifier>
    </Filter>
    <Filter Include="Object\Unit\Player">
      <UniqueIdentifier>{f5d6e52e-a400-4b4b-99b3-3e0b9a35674a}</UniqueIdentifier>
    </Filter>
    <Filter Include="Object\Unit\Player\Owned">
      <UniqueIdentifier>{e0eb827f-33ce-478b-afe1-3c111a35f66a}</UniqueIdentifier>
    </Filter>
    <Filter Include="Object\Unit\Player\Owned\PlayerEffect">
      <UniqueIdentifier>{9da2fbe2-e285-424f-a4cf-f2ad47afa91f}</UniqueIdentifier>
    </Filter>
    <Filter Include="Object\Unit\Player\Owned\Weapon">
      <UniqueIdentifier>{b9324e07-a2f9-4e28-b02a-da822058fec7}</UniqueIdentifier>
    </Filter>
    <Filter Include="Object\Unit\Player\Owned\Weapon\CosmosSword">
      <UniqueIdentifier>{7dfa6be8-d5e9-4342-add4-c35076c2374f}</UniqueIdentifier>
    </Filter>
    <Filter Include="Object\Unit\NPC">
      <UniqueIdentifier>{243aa404-0ebb-435f-b39d-589c9ae8b68f}</UniqueIdentifier>
    </Filter>
    <Filter Include="Object\Unit\Enemy">
      <UniqueIdentifier>{61e5bdb2-5370-4b01-a0be-aee3fe4921c1}</UniqueIdentifier>
    </Filter>
    <Filter Include="Object\Unit\Player\Owned\Weapon\SwingFX">
      <UniqueIdentifier>{c8956d7d-d941-48ac-8518-ed58703b6046}</UniqueIdentifier>
    </Filter>
    <Filter Include="Object\UI\PlayerUI">
      <UniqueIdentifier>{7c835421-92e4-46ba-a34e-3f8a0cfd7b5b}</UniqueIdentifier>
    </Filter>
    <Filter Include="Object\UI\PlayerUI\PlayerHpBar">
      <UniqueIdentifier>{5d1b0504-5672-4cca-bdde-f33a80a5eaad}</UniqueIdentifier>
    </Filter>
    <Filter Include="Object\UI\PlayerUI\EquipedUI">
      <UniqueIdentifier>{a4b5e6e8-6a5f-4e14-b496-213d45cb3b0a}</UniqueIdentifier>
    </Filter>
    <Filter Include="Object\UI\PlayerUI\FoodUI">
      <UniqueIdentifier>{3603effd-bb89-459c-b946-6229ae5fc5dc}</UniqueIdentifier>
    </Filter>
    <Filter Include="Object\UI\PlayerUI\GoldUI">
      <UniqueIdentifier>{8b28fdcc-1cf6-4121-937c-01c6309a7478}</UniqueIdentifier>
    </Filter>
    <Filter Include="Object\UI\PlayerUI\PlayerDashBar">
      <UniqueIdentifier>{ca53fdf4-f992-4d51-8627-33492bbf7a16}</UniqueIdentifier>
    </Filter>
    <Filter Include="Object\UI\LogoSceneUI">
      <UniqueIdentifier>{336d2e8d-340a-4ad7-9885-feb15413385e}</UniqueIdentifier>
    </Filter>
    <Filter Include="Object\UI\LogoSceneUI\GoTileEditBtn">
      <UniqueIdentifier>{5814ce29-9da5-43de-a95f-fbcf67ef6285}</UniqueIdentifier>
    </Filter>
    <Filter Include="Object\UI\LogoSceneUI\GameStartBtn">
      <UniqueIdentifier>{3864b755-5ffa-491c-a6ce-5f24d3e2f575}</UniqueIdentifier>
    </Filter>
    <Filter Include="Object\Unit\Enemy\Belial">
      <UniqueIdentifier>{d5ed4ab6-9d50-421c-9558-c8d8d9759fb2}</UniqueIdentifier>
    </Filter>
    <Filter Include="Object\Unit\Enemy\Belial\BelialRHand">
      <UniqueIdentifier>{ff3472b0-487f-4aac-a03d-907f35f25b6f}</UniqueIdentifier>
    </Filter>
    <Filter Include="Object\Unit\Enemy\Belial\BelialLHand">
      <UniqueIdentifier>{44909b2f-7586-4ca7-b7a7-cc14e38cfa8d}</UniqueIdentifier>
    </Filter>
    <Filter Include="Object\Unit\Enemy\Belial\BelialRHand\Laser">
      <UniqueIdentifier>{8b1acae9-12bf-42e3-b69a-6994e8531372}</UniqueIdentifier>
    </Filter>
    <Filter Include="Object\Unit\Bullet">
      <UniqueIdentifier>{2a1f9d75-19eb-414f-b7d6-f72e47424437}</UniqueIdentifier>
    </Filter>
    <Filter Include="Object\Unit\Bullet\EnemyBullet">
      <UniqueIdentifier>{7698e986-21ac-4384-867e-51029e0994a8}</UniqueIdentifier>
    </Filter>
    <Filter Include="Object\Unit\Bullet\EnemyBullet\BelialBullet">
      <UniqueIdentifier>{cd46fb94-f71a-45a0-bd87-7b3636c2e6e6}</UniqueIdentifier>
    </Filter>
    <Filter Include="Object\Unit\Enemy\Belial\BelialSpear">
      <UniqueIdentifier>{833488e9-36b9-4c9a-be81-ee5ef308f06e}</UniqueIdentifier>
    </Filter>
    <Filter Include="Object\Unit\Enemy\Belial\BelialSpear\SpearMgr">
      <UniqueIdentifier>{a85e1021-3bc1-4e92-a923-c028bc77fa70}</UniqueIdentifier>
    </Filter>
    <Filter Include="Object\Unit\Player\Owned\Weapon\AttacRect">
      <UniqueIdentifier>{5ed8004b-682e-4ad3-bb22-4f23bcf9e92e}</UniqueIdentifier>
    </Filter>
    <Filter Include="Scene\BelialScene">
      <UniqueIdentifier>{451a0187-a7fc-443f-9365-80cb9f8be3cf}</UniqueIdentifier>
    </Filter>
    <Filter Include="Object\UI\InventoryUI">
      <UniqueIdentifier>{5ace61d2-ef0e-4125-8fe4-1376dcfd73ad}</UniqueIdentifier>
    </Filter>
    <Filter Include="Object\UI\InventoryUI\Cell">
      <UniqueIdentifier>{4cdfb279-de93-491b-ac99-cc6b04461872}</UniqueIdentifier>
    </Filter>
    <Filter Include="Object\Item">
      <UniqueIdentifier>{8a523062-37d8-451d-a0a9-fc5cc32b998e}</UniqueIdentifier>
    </Filter>
    <Filter Include="Object\UI\InventoryUI\EquipSlotOn">
      <UniqueIdentifier>{2ffb1e5f-2ce9-4fae-b090-3868984ddf83}</UniqueIdentifier>
    </Filter>
    <Filter Include="Object\Unit\Player\Owned\Weapon\GatlingGun">
      <UniqueIdentifier>{a963fd54-d726-493a-ac70-41d555698c28}</UniqueIdentifier>
    </Filter>
    <Filter Include="Object\Unit\Bullet\PlayerBullet">
      <UniqueIdentifier>{77339e77-4477-4793-9e0d-238f31261248}</UniqueIdentifier>
    </Filter>
    <Filter Include="Object\Unit\Bullet\PlayerBullet\GatlingGunBullet">
      <UniqueIdentifier>{0f361783-17c6-4078-8979-578fbf2f1071}</UniqueIdentifier>
    </Filter>
    <Filter Include="Manager\UIMgr">
      <UniqueIdentifier>{9cab0b70-79b1-46e1-9599-835a10bf75fc}</UniqueIdentifier>
    </Filter>
    <Filter Include="Manager\PlayerMgr">
      <UniqueIdentifier>{2cb4124e-7c26-43a5-a253-281d93fb9541}</UniqueIdentifier>
    </Filter>
    <Filter Include="Object\UI\InventoryUI\EquipSlotOn\WeaponBtn1">
      <UniqueIdentifier>{1ce3936e-95b8-45da-8f31-67d356fa8a02}</UniqueIdentifier>
    </Filter>
    <Filter Include="Object\UI\BelialUI">
      <UniqueIdentifier>{a00302db-62d6-44bb-b031-30c23e1281fd}</UniqueIdentifier>
    </Filter>
  </ItemGroup>
  <ItemGroup>
    <ClInclude Include="framework.h">
      <Filter>헤더 파일</Filter>
    </ClInclude>
    <ClInclude Include="targetver.h">
      <Filter>헤더 파일</Filter>
    </ClInclude>
    <ClInclude Include="Resource.h">
      <Filter>헤더 파일</Filter>
    </ClInclude>
    <ClInclude Include="WinAPI.h">
      <Filter>헤더 파일</Filter>
    </ClInclude>
    <ClInclude Include="pch.h">
      <Filter>헤더 파일</Filter>
    </ClInclude>
    <ClInclude Include="CMainGame.h">
      <Filter>MainGame</Filter>
    </ClInclude>
    <ClInclude Include="Define.h">
      <Filter>헤더 파일</Filter>
    </ClInclude>
    <ClInclude Include="CObj.h">
      <Filter>Object</Filter>
    </ClInclude>
    <ClInclude Include="CPlayer.h">
      <Filter>Object\Unit\Player</Filter>
    </ClInclude>
    <ClInclude Include="CObjMgr.h">
      <Filter>Manager\ObjMgr</Filter>
    </ClInclude>
    <ClInclude Include="CSceneMgr.h">
      <Filter>Manager\SceneMgr</Filter>
    </ClInclude>
    <ClInclude Include="CScene.h">
      <Filter>Scene</Filter>
    </ClInclude>
    <ClInclude Include="CLogo.h">
      <Filter>Scene\LogoScene</Filter>
    </ClInclude>
    <ClInclude Include="CResourceMgr.h">
      <Filter>Manager\ResourceMgr</Filter>
    </ClInclude>
    <ClInclude Include="CMyBit.h">
      <Filter>Manager\ResourceMgr</Filter>
    </ClInclude>
    <ClInclude Include="CAbstractFactory.h">
      <Filter>Design\AbstractFactory</Filter>
    </ClInclude>
    <ClInclude Include="CMyPng.h">
      <Filter>Manager\ResourceMgr</Filter>
    </ClInclude>
    <ClInclude Include="CLine.h">
      <Filter>Manager\LineMgr\Line</Filter>
    </ClInclude>
    <ClInclude Include="CLineMgr.h">
      <Filter>Manager\LineMgr</Filter>
    </ClInclude>
    <ClInclude Include="CKeyMgr.h">
      <Filter>Manager\KeyMgr</Filter>
    </ClInclude>
    <ClInclude Include="CCamera.h">
      <Filter>Manager\Camera</Filter>
    </ClInclude>
    <ClInclude Include="CTimeMgr.h">
      <Filter>Manager\TimeMgr</Filter>
    </ClInclude>
    <ClInclude Include="CTile.h">
      <Filter>Manager\TileMgr\Tile</Filter>
    </ClInclude>
    <ClInclude Include="CTileMgr.h">
      <Filter>Manager\TileMgr</Filter>
    </ClInclude>
    <ClInclude Include="CTileEditScene.h">
      <Filter>Scene\TileEditScene</Filter>
    </ClInclude>
    <ClInclude Include="CUI.h">
      <Filter>Object\UI</Filter>
    </ClInclude>
    <ClInclude Include="CMapTileUI.h">
      <Filter>Object\UI\MapTileUI</Filter>
    </ClInclude>
    <ClInclude Include="CTest.h">
      <Filter>Scene\TestScene</Filter>
    </ClInclude>
    <ClInclude Include="CTileBtn.h">
      <Filter>Object\UI\MapTileUI\TileBtn</Filter>
    </ClInclude>
    <ClInclude Include="CCollisionMgr.h">
      <Filter>Manager\CollisionMgr</Filter>
    </ClInclude>
    <ClInclude Include="CMouse.h">
      <Filter>Manager\Mouse</Filter>
    </ClInclude>
    <ClInclude Include="CTileOptionBtn.h">
      <Filter>Object\UI\MapTileUI\TileOptionBtn</Filter>
    </ClInclude>
    <ClInclude Include="CMapTileOptionUI.h">
      <Filter>Object\UI\MapTileUI</Filter>
    </ClInclude>
    <ClInclude Include="CRunEffect.h">
      <Filter>Object\Unit\Player\Owned\PlayerEffect</Filter>
    </ClInclude>
    <ClInclude Include="CWeapon.h">
      <Filter>Object\Unit\Player\Owned\Weapon</Filter>
    </ClInclude>
    <ClInclude Include="CCosmosSword.h">
      <Filter>Object\Unit\Player\Owned\Weapon\CosmosSword</Filter>
    </ClInclude>
    <ClInclude Include="CUnit.h">
      <Filter>Object\Unit</Filter>
    </ClInclude>
    <ClInclude Include="CSwingFX.h">
      <Filter>Object\Unit\Player\Owned\Weapon\SwingFX</Filter>
    </ClInclude>
    <ClInclude Include="CPlayerUI.h">
      <Filter>Object\UI\PlayerUI</Filter>
    </ClInclude>
    <ClInclude Include="CPlayerHpBar.h">
      <Filter>Object\UI\PlayerUI\PlayerHpBar</Filter>
    </ClInclude>
    <ClInclude Include="CEquipedUI.h">
      <Filter>Object\UI\PlayerUI\EquipedUI</Filter>
    </ClInclude>
    <ClInclude Include="CPlayerDashBar.h">
      <Filter>Object\UI\PlayerUI\PlayerDashBar</Filter>
    </ClInclude>
    <ClInclude Include="CGoTileEditBtn.h">
      <Filter>Object\UI\LogoSceneUI\GoTileEditBtn</Filter>
    </ClInclude>
    <ClInclude Include="CGameStartBtn.h">
      <Filter>Object\UI\LogoSceneUI\GameStartBtn</Filter>
    </ClInclude>
    <ClInclude Include="CGoldUI.h">
      <Filter>Object\UI\PlayerUI\GoldUI</Filter>
    </ClInclude>
    <ClInclude Include="CFoodUI.h">
      <Filter>Object\UI\PlayerUI\FoodUI</Filter>
    </ClInclude>
    <ClInclude Include="CEnemy.h">
      <Filter>Object\Unit\Enemy</Filter>
    </ClInclude>
    <ClInclude Include="CBelial.h">
      <Filter>Object\Unit\Enemy\Belial</Filter>
    </ClInclude>
    <ClInclude Include="CBelialRHand.h">
      <Filter>Object\Unit\Enemy\Belial\BelialRHand</Filter>
    </ClInclude>
    <ClInclude Include="CBelialLHand.h">
      <Filter>Object\Unit\Enemy\Belial\BelialLHand</Filter>
    </ClInclude>
    <ClInclude Include="CBullet.h">
      <Filter>Object\Unit\Bullet</Filter>
    </ClInclude>
    <ClInclude Include="CEnemyBullet.h">
      <Filter>Object\Unit\Bullet\EnemyBullet</Filter>
    </ClInclude>
    <ClInclude Include="CBelialBullet.h">
      <Filter>Object\Unit\Bullet\EnemyBullet\BelialBullet</Filter>
    </ClInclude>
    <ClInclude Include="CBelialSpear.h">
      <Filter>Object\Unit\Enemy\Belial\BelialSpear</Filter>
    </ClInclude>
    <ClInclude Include="SpearMgr.h">
      <Filter>Object\Unit\Enemy\Belial\BelialSpear\SpearMgr</Filter>
    </ClInclude>
    <ClInclude Include="CLaser.h">
      <Filter>Object\Unit\Enemy\Belial\BelialRHand\Laser</Filter>
    </ClInclude>
    <ClInclude Include="CBelialScene.h">
      <Filter>Scene\BelialScene</Filter>
    </ClInclude>
    <ClInclude Include="CInventoryUI.h">
      <Filter>Object\UI\InventoryUI</Filter>
    </ClInclude>
    <ClInclude Include="CCell.h">
      <Filter>Object\UI\InventoryUI\Cell</Filter>
    </ClInclude>
    <ClInclude Include="CItem.h">
      <Filter>Object\Item</Filter>
    </ClInclude>
    <ClInclude Include="CEquipSlotOn.h">
      <Filter>Object\UI\InventoryUI\EquipSlotOn</Filter>
    </ClInclude>
    <ClInclude Include="CGatlingGun.h">
      <Filter>Object\Unit\Player\Owned\Weapon\GatlingGun</Filter>
    </ClInclude>
    <ClInclude Include="CPlayerBullet.h">
      <Filter>Object\Unit\Bullet\PlayerBullet</Filter>
    </ClInclude>
    <ClInclude Include="CGatlingGunBullet.h">
      <Filter>Object\Unit\Bullet\PlayerBullet\GatlingGunBullet</Filter>
    </ClInclude>
    <ClInclude Include="CUIMgr.h">
      <Filter>Manager\UIMgr</Filter>
    </ClInclude>
    <ClInclude Include="CPlayerMgr.h">
      <Filter>Manager\PlayerMgr</Filter>
    </ClInclude>
    <ClInclude Include="CWeaponBtn1.h">
      <Filter>Object\UI\InventoryUI\EquipSlotOn\WeaponBtn1</Filter>
    </ClInclude>
    <ClInclude Include="CBelialUI.h">
      <Filter>Object\UI\BelialUI</Filter>
    </ClInclude>
  </ItemGroup>
  <ItemGroup>
    <ClCompile Include="WinAPI.cpp">
      <Filter>소스 파일</Filter>
    </ClCompile>
    <ClCompile Include="pch.cpp">
      <Filter>소스 파일</Filter>
    </ClCompile>
    <ClCompile Include="CMainGame.cpp">
      <Filter>MainGame</Filter>
    </ClCompile>
    <ClCompile Include="CObj.cpp">
      <Filter>Object</Filter>
    </ClCompile>
    <ClCompile Include="CPlayer.cpp">
      <Filter>Object\Unit\Player</Filter>
    </ClCompile>
    <ClCompile Include="CObjMgr.cpp">
      <Filter>Manager\ObjMgr</Filter>
    </ClCompile>
    <ClCompile Include="CSceneMgr.cpp">
      <Filter>Manager\SceneMgr</Filter>
    </ClCompile>
    <ClCompile Include="CScene.cpp">
      <Filter>Scene</Filter>
    </ClCompile>
    <ClCompile Include="CLogo.cpp">
      <Filter>Scene\LogoScene</Filter>
    </ClCompile>
    <ClCompile Include="CResourceMgr.cpp">
      <Filter>Manager\ResourceMgr</Filter>
    </ClCompile>
    <ClCompile Include="CMyBit.cpp">
      <Filter>Manager\ResourceMgr</Filter>
    </ClCompile>
    <ClCompile Include="CAbstractFactory.cpp">
      <Filter>Design\AbstractFactory</Filter>
    </ClCompile>
    <ClCompile Include="CMyPng.cpp">
      <Filter>Manager\ResourceMgr</Filter>
    </ClCompile>
    <ClCompile Include="CLine.cpp">
      <Filter>Manager\LineMgr\Line</Filter>
    </ClCompile>
    <ClCompile Include="CLineMgr.cpp">
      <Filter>Manager\LineMgr</Filter>
    </ClCompile>
    <ClCompile Include="CKeyMgr.cpp">
      <Filter>Manager\KeyMgr</Filter>
    </ClCompile>
    <ClCompile Include="CCamera.cpp">
      <Filter>Manager\Camera</Filter>
    </ClCompile>
    <ClCompile Include="CTimeMgr.cpp">
      <Filter>Manager\TimeMgr</Filter>
    </ClCompile>
    <ClCompile Include="CTile.cpp">
      <Filter>Manager\TileMgr\Tile</Filter>
    </ClCompile>
    <ClCompile Include="CTileMgr.cpp">
      <Filter>Manager\TileMgr</Filter>
    </ClCompile>
    <ClCompile Include="CTileEditScene.cpp">
      <Filter>Scene\TileEditScene</Filter>
    </ClCompile>
    <ClCompile Include="CUI.cpp">
      <Filter>Object\UI</Filter>
    </ClCompile>
    <ClCompile Include="CMapTileUI.cpp">
      <Filter>Object\UI\MapTileUI</Filter>
    </ClCompile>
    <ClCompile Include="CTest.cpp">
      <Filter>Scene\TestScene</Filter>
    </ClCompile>
    <ClCompile Include="CTileBtn.cpp">
      <Filter>Object\UI\MapTileUI\TileBtn</Filter>
    </ClCompile>
    <ClCompile Include="CCollisionMgr.cpp">
      <Filter>Manager\CollisionMgr</Filter>
    </ClCompile>
    <ClCompile Include="CMouse.cpp">
      <Filter>Manager\Mouse</Filter>
    </ClCompile>
    <ClCompile Include="CTileOptionBtn.cpp">
      <Filter>Object\UI\MapTileUI\TileOptionBtn</Filter>
    </ClCompile>
    <ClCompile Include="CMapTileOptionUI.cpp">
      <Filter>Object\UI\MapTileUI</Filter>
    </ClCompile>
    <ClCompile Include="CRunEffect.cpp">
      <Filter>Object\Unit\Player\Owned\PlayerEffect</Filter>
    </ClCompile>
    <ClCompile Include="CWeapon.cpp">
      <Filter>Object\Unit\Player\Owned\Weapon</Filter>
    </ClCompile>
    <ClCompile Include="CCosmosSword.cpp">
      <Filter>Object\Unit\Player\Owned\Weapon\CosmosSword</Filter>
    </ClCompile>
    <ClCompile Include="CUnit.cpp">
      <Filter>Object\Unit</Filter>
    </ClCompile>
    <ClCompile Include="CSwingFX.cpp">
      <Filter>Object\Unit\Player\Owned\Weapon\SwingFX</Filter>
    </ClCompile>
    <ClCompile Include="CPlayerUI.cpp">
      <Filter>Object\UI\PlayerUI</Filter>
    </ClCompile>
    <ClCompile Include="CPlayerHpBar.cpp">
      <Filter>Object\UI\PlayerUI\PlayerHpBar</Filter>
    </ClCompile>
    <ClCompile Include="CEquipedUI.cpp">
      <Filter>Object\UI\PlayerUI\EquipedUI</Filter>
    </ClCompile>
    <ClCompile Include="CPlayerDashBar.cpp">
      <Filter>Object\UI\PlayerUI\PlayerDashBar</Filter>
    </ClCompile>
    <ClCompile Include="CGoTileEditBtn.cpp">
      <Filter>Object\UI\LogoSceneUI\GoTileEditBtn</Filter>
    </ClCompile>
    <ClCompile Include="CGameStartBtn.cpp">
      <Filter>Object\UI\LogoSceneUI\GameStartBtn</Filter>
    </ClCompile>
    <ClCompile Include="CFoodUI.cpp">
      <Filter>Object\UI\PlayerUI\FoodUI</Filter>
    </ClCompile>
    <ClCompile Include="CGoldUI.cpp">
      <Filter>Object\UI\PlayerUI\GoldUI</Filter>
    </ClCompile>
    <ClCompile Include="CEnemy.cpp">
      <Filter>Object\Unit\Enemy</Filter>
    </ClCompile>
    <ClCompile Include="CBelial.cpp">
      <Filter>Object\Unit\Enemy\Belial</Filter>
    </ClCompile>
    <ClCompile Include="CBelialRHand.cpp">
      <Filter>Object\Unit\Enemy\Belial\BelialRHand</Filter>
    </ClCompile>
    <ClCompile Include="CBelialLHand.cpp">
      <Filter>Object\Unit\Enemy\Belial\BelialLHand</Filter>
    </ClCompile>
    <ClCompile Include="CBullet.cpp">
      <Filter>Object\Unit\Bullet</Filter>
    </ClCompile>
    <ClCompile Include="CEnemyBullet.cpp">
      <Filter>Object\Unit\Bullet\EnemyBullet</Filter>
    </ClCompile>
    <ClCompile Include="CBelialBullet.cpp">
      <Filter>Object\Unit\Bullet\EnemyBullet\BelialBullet</Filter>
    </ClCompile>
    <ClCompile Include="CBelialSpear.cpp">
      <Filter>Object\Unit\Enemy\Belial\BelialSpear</Filter>
    </ClCompile>
    <ClCompile Include="SpearMgr.cpp">
      <Filter>Object\Unit\Enemy\Belial\BelialSpear\SpearMgr</Filter>
    </ClCompile>
    <ClCompile Include="CLaser.cpp">
      <Filter>Object\Unit\Enemy\Belial\BelialRHand\Laser</Filter>
    </ClCompile>
    <ClCompile Include="CBelialScene.cpp">
      <Filter>Scene\BelialScene</Filter>
    </ClCompile>
    <ClCompile Include="CInventoryUI.cpp">
      <Filter>Object\UI\InventoryUI</Filter>
    </ClCompile>
    <ClCompile Include="CCell.cpp">
      <Filter>Object\UI\InventoryUI\Cell</Filter>
    </ClCompile>
    <ClCompile Include="CItem.cpp">
      <Filter>Object\Item</Filter>
    </ClCompile>
    <ClCompile Include="CEquipSlotOn.cpp">
      <Filter>Object\UI\InventoryUI\EquipSlotOn</Filter>
    </ClCompile>
    <ClCompile Include="CGatlingGun.cpp">
      <Filter>Object\Unit\Player\Owned\Weapon\GatlingGun</Filter>
    </ClCompile>
    <ClCompile Include="CPlayerBullet.cpp">
      <Filter>Object\Unit\Bullet\PlayerBullet</Filter>
    </ClCompile>
    <ClCompile Include="CGatlingGunBullet.cpp">
      <Filter>Object\Unit\Bullet\PlayerBullet\GatlingGunBullet</Filter>
    </ClCompile>
    <ClCompile Include="CUIMgr.cpp">
      <Filter>Manager\UIMgr</Filter>
    </ClCompile>
    <ClCompile Include="CPlayerMgr.cpp">
      <Filter>Manager\PlayerMgr</Filter>
    </ClCompile>
    <ClCompile Include="CWeaponBtn1.cpp">
      <Filter>Object\UI\InventoryUI\EquipSlotOn\WeaponBtn1</Filter>
    </ClCompile>
    <ClCompile Include="CBelialUI.cpp">
      <Filter>Object\UI\BelialUI</Filter>
    </ClCompile>
  </ItemGroup>
  <ItemGroup>
    <ResourceCompile Include="WinAPI.rc">
      <Filter>리소스 파일</Filter>
    </ResourceCompile>
  </ItemGroup>
  <ItemGroup>
    <Image Include="small.ico">
      <Filter>리소스 파일</Filter>
    </Image>
    <Image Include="WinAPI.ico">
      <Filter>리소스 파일</Filter>
    </Image>
  </ItemGroup>
</Project>